// !$*UTF8*$!
{
	archiveVersion = 1;
	classes = {
	};
	objectVersion = 48;
	objects = {

/* Begin PBXBuildFile section */
		48D7D3411DD7DEAF00C927D8 /* AppDelegate.swift in Sources */ = {isa = PBXBuildFile; fileRef = 48D7D3401DD7DEAF00C927D8 /* AppDelegate.swift */; };
		48D7D3431DD7DEAF00C927D8 /* ViewController.swift in Sources */ = {isa = PBXBuildFile; fileRef = 48D7D3421DD7DEAF00C927D8 /* ViewController.swift */; };
		48D7D3461DD7DEAF00C927D8 /* Main.storyboard in Resources */ = {isa = PBXBuildFile; fileRef = 48D7D3441DD7DEAF00C927D8 /* Main.storyboard */; };
		48D7D3481DD7DEAF00C927D8 /* Assets.xcassets in Resources */ = {isa = PBXBuildFile; fileRef = 48D7D3471DD7DEAF00C927D8 /* Assets.xcassets */; };
		48D7D34B1DD7DEAF00C927D8 /* LaunchScreen.storyboard in Resources */ = {isa = PBXBuildFile; fileRef = 48D7D3491DD7DEAF00C927D8 /* LaunchScreen.storyboard */; };
		48D7D3541DD7EED400C927D8 /* SnapChatCell.swift in Sources */ = {isa = PBXBuildFile; fileRef = 48D7D3531DD7EED400C927D8 /* SnapChatCell.swift */; };
		48D7D3561DD7F50F00C927D8 /* SnapChatMessage.swift in Sources */ = {isa = PBXBuildFile; fileRef = 48D7D3551DD7F50F00C927D8 /* SnapChatMessage.swift */; };
/* End PBXBuildFile section */

/* Begin PBXFileReference section */
		48D7D33D1DD7DEAF00C927D8 /* SnapChat.app */ = {isa = PBXFileReference; explicitFileType = wrapper.application; includeInIndex = 0; path = SnapChat.app; sourceTree = BUILT_PRODUCTS_DIR; };
		48D7D3401DD7DEAF00C927D8 /* AppDelegate.swift */ = {isa = PBXFileReference; lastKnownFileType = sourcecode.swift; path = AppDelegate.swift; sourceTree = "<group>"; };
		48D7D3421DD7DEAF00C927D8 /* ViewController.swift */ = {isa = PBXFileReference; lastKnownFileType = sourcecode.swift; path = ViewController.swift; sourceTree = "<group>"; };
		48D7D3451DD7DEAF00C927D8 /* Base */ = {isa = PBXFileReference; lastKnownFileType = file.storyboard; name = Base; path = Base.lproj/Main.storyboard; sourceTree = "<group>"; };
		48D7D3471DD7DEAF00C927D8 /* Assets.xcassets */ = {isa = PBXFileReference; lastKnownFileType = folder.assetcatalog; path = Assets.xcassets; sourceTree = "<group>"; };
		48D7D34A1DD7DEAF00C927D8 /* Base */ = {isa = PBXFileReference; lastKnownFileType = file.storyboard; name = Base; path = Base.lproj/LaunchScreen.storyboard; sourceTree = "<group>"; };
		48D7D34C1DD7DEAF00C927D8 /* Info.plist */ = {isa = PBXFileReference; lastKnownFileType = text.plist.xml; path = Info.plist; sourceTree = "<group>"; };
		48D7D3531DD7EED400C927D8 /* SnapChatCell.swift */ = {isa = PBXFileReference; fileEncoding = 4; lastKnownFileType = sourcecode.swift; path = SnapChatCell.swift; sourceTree = "<group>"; };
		48D7D3551DD7F50F00C927D8 /* SnapChatMessage.swift */ = {isa = PBXFileReference; fileEncoding = 4; lastKnownFileType = sourcecode.swift; path = SnapChatMessage.swift; sourceTree = "<group>"; };
/* End PBXFileReference section */

/* Begin PBXFrameworksBuildPhase section */
		48D7D33A1DD7DEAF00C927D8 /* Frameworks */ = {
			isa = PBXFrameworksBuildPhase;
			buildActionMask = 2147483647;
			files = (
			);
			runOnlyForDeploymentPostprocessing = 0;
		};
/* End PBXFrameworksBuildPhase section */

/* Begin PBXGroup section */
		48D7D3341DD7DEAF00C927D8 = {
			isa = PBXGroup;
			children = (
				48D7D33F1DD7DEAF00C927D8 /* SnapChat */,
				48D7D33E1DD7DEAF00C927D8 /* Products */,
			);
			sourceTree = "<group>";
		};
		48D7D33E1DD7DEAF00C927D8 /* Products */ = {
			isa = PBXGroup;
			children = (
				48D7D33D1DD7DEAF00C927D8 /* SnapChat.app */,
			);
			name = Products;
			sourceTree = "<group>";
		};
		48D7D33F1DD7DEAF00C927D8 /* SnapChat */ = {
			isa = PBXGroup;
			children = (
				48D7D3521DD7EE7B00C927D8 /* DataModel */,
				48D7D3401DD7DEAF00C927D8 /* AppDelegate.swift */,
				48D7D3421DD7DEAF00C927D8 /* ViewController.swift */,
				48D7D3441DD7DEAF00C927D8 /* Main.storyboard */,
				48D7D3471DD7DEAF00C927D8 /* Assets.xcassets */,
				48D7D3491DD7DEAF00C927D8 /* LaunchScreen.storyboard */,
				48D7D34C1DD7DEAF00C927D8 /* Info.plist */,
			);
			path = SnapChat;
			sourceTree = "<group>";
		};
		48D7D3521DD7EE7B00C927D8 /* DataModel */ = {
			isa = PBXGroup;
			children = (
				48D7D3531DD7EED400C927D8 /* SnapChatCell.swift */,
				48D7D3551DD7F50F00C927D8 /* SnapChatMessage.swift */,
			);
			name = DataModel;
			sourceTree = "<group>";
		};
/* End PBXGroup section */

/* Begin PBXNativeTarget section */
		48D7D33C1DD7DEAF00C927D8 /* SnapChat */ = {
			isa = PBXNativeTarget;
			buildConfigurationList = 48D7D34F1DD7DEAF00C927D8 /* Build configuration list for PBXNativeTarget "SnapChat" */;
			buildPhases = (
				48D7D3391DD7DEAF00C927D8 /* Sources */,
				48D7D33A1DD7DEAF00C927D8 /* Frameworks */,
				48D7D33B1DD7DEAF00C927D8 /* Resources */,
			);
			buildRules = (
			);
			dependencies = (
			);
			name = SnapChat;
			productName = SnapChat;
			productReference = 48D7D33D1DD7DEAF00C927D8 /* SnapChat.app */;
			productType = "com.apple.product-type.application";
		};
/* End PBXNativeTarget section */

/* Begin PBXProject section */
		48D7D3351DD7DEAF00C927D8 /* Project object */ = {
			isa = PBXProject;
			attributes = {
				LastSwiftUpdateCheck = 0810;
				LastUpgradeCheck = 0810;
				ORGANIZATIONNAME = "Shruthi Vinjamuri";
				TargetAttributes = {
					48D7D33C1DD7DEAF00C927D8 = {
						CreatedOnToolsVersion = 8.1;
						LastSwiftMigration = 0810;
						ProvisioningStyle = Automatic;
					};
				};
			};
			buildConfigurationList = 48D7D3381DD7DEAF00C927D8 /* Build configuration list for PBXProject "SnapChat" */;
			compatibilityVersion = "Xcode 8.0";
			developmentRegion = English;
			hasScannedForEncodings = 0;
			knownRegions = (
				en,
				Base,
			);
			mainGroup = 48D7D3341DD7DEAF00C927D8;
			productRefGroup = 48D7D33E1DD7DEAF00C927D8 /* Products */;
			projectDirPath = "";
			projectRoot = "";
			targets = (
				48D7D33C1DD7DEAF00C927D8 /* SnapChat */,
			);
		};
/* End PBXProject section */

/* Begin PBXResourcesBuildPhase section */
		48D7D33B1DD7DEAF00C927D8 /* Resources */ = {
			isa = PBXResourcesBuildPhase;
			buildActionMask = 2147483647;
			files = (
				48D7D34B1DD7DEAF00C927D8 /* LaunchScreen.storyboard in Resources */,
				48D7D3481DD7DEAF00C927D8 /* Assets.xcassets in Resources */,
				48D7D3461DD7DEAF00C927D8 /* Main.storyboard in Resources */,
			);
			runOnlyForDeploymentPostprocessing = 0;
		};
/* End PBXResourcesBuildPhase section */

/* Begin PBXSourcesBuildPhase section */
		48D7D3391DD7DEAF00C927D8 /* Sources */ = {
			isa = PBXSourcesBuildPhase;
			buildActionMask = 2147483647;
			files = (
				48D7D3541DD7EED400C927D8 /* SnapChatCell.swift in Sources */,
				48D7D3431DD7DEAF00C927D8 /* ViewController.swift in Sources */,
				48D7D3411DD7DEAF00C927D8 /* AppDelegate.swift in Sources */,
				48D7D3561DD7F50F00C927D8 /* SnapChatMessage.swift in Sources */,
			);
			runOnlyForDeploymentPostprocessing = 0;
		};
/* End PBXSourcesBuildPhase section */

/* Begin PBXVariantGroup section */
		48D7D3441DD7DEAF00C927D8 /* Main.storyboard */ = {
			isa = PBXVariantGroup;
			children = (
				48D7D3451DD7DEAF00C927D8 /* Base */,
			);
			name = Main.storyboard;
			sourceTree = "<group>";
		};
		48D7D3491DD7DEAF00C927D8 /* LaunchScreen.storyboard */ = {
			isa = PBXVariantGroup;
			children = (
				48D7D34A1DD7DEAF00C927D8 /* Base */,
			);
			name = LaunchScreen.storyboard;
			sourceTree = "<group>";
		};
/* End PBXVariantGroup section */

/* Begin XCBuildConfiguration section */
		48D7D34D1DD7DEAF00C927D8 /* Debug */ = {
			isa = XCBuildConfiguration;
			buildSettings = {
				ALWAYS_SEARCH_USER_PATHS = NO;
				CLANG_ANALYZER_NONNULL = YES;
				CLANG_CXX_LANGUAGE_STANDARD = "gnu++0x";
				CLANG_CXX_LIBRARY = "libc++";
				CLANG_ENABLE_MODULES = YES;
				CLANG_ENABLE_OBJC_ARC = YES;
				CLANG_WARN_BOOL_CONVERSION = YES;
				CLANG_WARN_CONSTANT_CONVERSION = YES;
				CLANG_WARN_DIRECT_OBJC_ISA_USAGE = YES_ERROR;
				CLANG_WARN_DOCUMENTATION_COMMENTS = YES;
				CLANG_WARN_EMPTY_BODY = YES;
				CLANG_WARN_ENUM_CONVERSION = YES;
				CLANG_WARN_INFINITE_RECURSION = YES;
				CLANG_WARN_INT_CONVERSION = YES;
				CLANG_WARN_OBJC_ROOT_CLASS = YES_ERROR;
				CLANG_WARN_SUSPICIOUS_MOVES = YES;
				CLANG_WARN_UNREACHABLE_CODE = YES;
				CLANG_WARN__DUPLICATE_METHOD_MATCH = YES;
				"CODE_SIGN_IDENTITY[sdk=iphoneos*]" = "iPhone Developer";
				COPY_PHASE_STRIP = NO;
				DEBUG_INFORMATION_FORMAT = dwarf;
				ENABLE_STRICT_OBJC_MSGSEND = YES;
				ENABLE_TESTABILITY = YES;
				GCC_C_LANGUAGE_STANDARD = gnu99;
				GCC_DYNAMIC_NO_PIC = NO;
				GCC_NO_COMMON_BLOCKS = YES;
				GCC_OPTIMIZATION_LEVEL = 0;
				GCC_PREPROCESSOR_DEFINITIONS = (
					"DEBUG=1",
					"$(inherited)",
				);
				GCC_WARN_64_TO_32_BIT_CONVERSION = YES;
				GCC_WARN_ABOUT_RETURN_TYPE = YES_ERROR;
				GCC_WARN_UNDECLARED_SELECTOR = YES;
				GCC_WARN_UNINITIALIZED_AUTOS = YES_AGGRESSIVE;
				GCC_WARN_UNUSED_FUNCTION = YES;
				GCC_WARN_UNUSED_VARIABLE = YES;
				IPHONEOS_DEPLOYMENT_TARGET = 8.0;
				MTL_ENABLE_DEBUG_INFO = YES;
				ONLY_ACTIVE_ARCH = YES;
				SDKROOT = iphoneos;
				SWIFT_ACTIVE_COMPILATION_CONDITIONS = DEBUG;
				SWIFT_OPTIMIZATION_LEVEL = "-Onone";
			};
			name = Debug;
		};
		48D7D34E1DD7DEAF00C927D8 /* Release */ = {
			isa = XCBuildConfiguration;
			buildSettings = {
				ALWAYS_SEARCH_USER_PATHS = NO;
				CLANG_ANALYZER_NONNULL = YES;
				CLANG_CXX_LANGUAGE_STANDARD = "gnu++0x";
				CLANG_CXX_LIBRARY = "libc++";
				CLANG_ENABLE_MODULES = YES;
				CLANG_ENABLE_OBJC_ARC = YES;
				CLANG_WARN_BOOL_CONVERSION = YES;
				CLANG_WARN_CONSTANT_CONVERSION = YES;
				CLANG_WARN_DIRECT_OBJC_ISA_USAGE = YES_ERROR;
				CLANG_WARN_DOCUMENTATION_COMMENTS = YES;
				CLANG_WARN_EMPTY_BODY = YES;
				CLANG_WARN_ENUM_CONVERSION = YES;
				CLANG_WARN_INFINITE_RECURSION = YES;
				CLANG_WARN_INT_CONVERSION = YES;
				CLANG_WARN_OBJC_ROOT_CLASS = YES_ERROR;
				CLANG_WARN_SUSPICIOUS_MOVES = YES;
				CLANG_WARN_UNREACHABLE_CODE = YES;
				CLANG_WARN__DUPLICATE_METHOD_MATCH = YES;
				"CODE_SIGN_IDENTITY[sdk=iphoneos*]" = "iPhone Developer";
				COPY_PHASE_STRIP = NO;
				DEBUG_INFORMATION_FORMAT = "dwarf-with-dsym";
				ENABLE_NS_ASSERTIONS = NO;
				ENABLE_STRICT_OBJC_MSGSEND = YES;
				GCC_C_LANGUAGE_STANDARD = gnu99;
				GCC_NO_COMMON_BLOCKS = YES;
				GCC_WARN_64_TO_32_BIT_CONVERSION = YES;
				GCC_WARN_ABOUT_RETURN_TYPE = YES_ERROR;
				GCC_WARN_UNDECLARED_SELECTOR = YES;
				GCC_WARN_UNINITIALIZED_AUTOS = YES_AGGRESSIVE;
				GCC_WARN_UNUSED_FUNCTION = YES;
				GCC_WARN_UNUSED_VARIABLE = YES;
				IPHONEOS_DEPLOYMENT_TARGET = 8.0;
				MTL_ENABLE_DEBUG_INFO = NO;
				ONLY_ACTIVE_ARCH = YES;
				SDKROOT = iphoneos;
				SWIFT_OPTIMIZATION_LEVEL = "-Owholemodule";
				VALIDATE_PRODUCT = YES;
			};
			name = Release;
		};
		48D7D3501DD7DEAF00C927D8 /* Debug */ = {
			isa = XCBuildConfiguration;
			buildSettings = {
				ASSETCATALOG_COMPILER_APPICON_NAME = AppIcon;
				INFOPLIST_FILE = SnapChat/Info.plist;
				IPHONEOS_DEPLOYMENT_TARGET = 10.0;
				LD_RUNPATH_SEARCH_PATHS = "$(inherited) @executable_path/Frameworks";
				PRODUCT_BUNDLE_IDENTIFIER = UWM.SnapChat;
				PRODUCT_NAME = "$(TARGET_NAME)";
				SWIFT_VERSION = 3.0;
			};
			name = Debug;
		};
		48D7D3511DD7DEAF00C927D8 /* Release */ = {
			isa = XCBuildConfiguration;
			buildSettings = {
				ASSETCATALOG_COMPILER_APPICON_NAME = AppIcon;
				INFOPLIST_FILE = SnapChat/Info.plist;
				IPHONEOS_DEPLOYMENT_TARGET = 10.0;
				LD_RUNPATH_SEARCH_PATHS = "$(inherited) @executable_path/Frameworks";
				PRODUCT_BUNDLE_IDENTIFIER = UWM.SnapChat;
				PRODUCT_NAME = "$(TARGET_NAME)";
				SWIFT_VERSION = 3.0;
			};
			name = Release;
		};
/* End XCBuildConfiguration section */

/* Begin XCConfigurationList section */
		48D7D3381DD7DEAF00C927D8 /* Build configuration list for PBXProject "SnapChat" */ = {
			isa = XCConfigurationList;
			buildConfigurations = (
				48D7D34D1DD7DEAF00C927D8 /* Debug */,
				48D7D34E1DD7DEAF00C927D8 /* Release */,
			);
			defaultConfigurationIsVisible = 0;
			defaultConfigurationName = Release;
		};
		48D7D34F1DD7DEAF00C927D8 /* Build configuration list for PBXNativeTarget "SnapChat" */ = {
			isa = XCConfigurationList;
			buildConfigurations = (
				48D7D3501DD7DEAF00C927D8 /* Debug */,
				48D7D3511DD7DEAF00C927D8 /* Release */,
			);
			defaultConfigurationIsVisible = 0;
			defaultConfigurationName = Release;
		};
/* End XCConfigurationList section */
	};
	rootObject = 48D7D3351DD7DEAF00C927D8 /* Project object */;
}
